
Microsoft Visual Studio Solution File, Format Version 12.00
# Visual Studio Version 16
VisualStudioVersion = 16.0.30907.101
MinimumVisualStudioVersion = 10.0.40219.1
Project("{FAE04EC0-301F-11D3-BF4B-00C04F79EFBC}") = "WpfLoginApp", "WpfLoginApp\WpfLoginApp.csproj", "{C111D84E-A0BE-4E6A-838E-3CC1FB8C68E7}"
EndProject
Project("{FAE04EC0-301F-11D3-BF4B-00C04F79EFBC}") = "ModernUITestApp", "ModernUITestApp\ModernUITestApp.csproj", "{FA0D9CFA-4D7F-49DC-842A-C5AD9493F4F8}"
EndProject
Project("{FAE04EC0-301F-11D3-BF4B-00C04F79EFBC}") = "WpfPracticeApp", "WpfPracticeApp\WpfPracticeApp.csproj", "{9FDA9EEF-91FC-4E9B-85FF-780D1D356EED}"
EndProject
Project("{FAE04EC0-301F-11D3-BF4B-00C04F79EFBC}") = "PhotoSensorMonApp", "PhotoSensorMonApp\PhotoSensorMonApp.csproj", "{0D62836A-AB03-4042-8404-8D17287E8EAE}"
EndProject
Project("{FAE04EC0-301F-11D3-BF4B-00C04F79EFBC}") = "WpfTestApp", "WpfTestApp\WpfTestApp.csproj", "{E49371C2-5CA9-4B0D-9C4A-4074EDFD45F6}"
EndProject
Global
	GlobalSection(SolutionConfigurationPlatforms) = preSolution
		Debug|Any CPU = Debug|Any CPU
		Release|Any CPU = Release|Any CPU
	EndGlobalSection
	GlobalSection(ProjectConfigurationPlatforms) = postSolution
		{C111D84E-A0BE-4E6A-838E-3CC1FB8C68E7}.Debug|Any CPU.ActiveCfg = Debug|Any CPU
		{C111D84E-A0BE-4E6A-838E-3CC1FB8C68E7}.Debug|Any CPU.Build.0 = Debug|Any CPU
		{C111D84E-A0BE-4E6A-838E-3CC1FB8C68E7}.Release|Any CPU.ActiveCfg = Release|Any CPU
		{C111D84E-A0BE-4E6A-838E-3CC1FB8C68E7}.Release|Any CPU.Build.0 = Release|Any CPU
		{FA0D9CFA-4D7F-49DC-842A-C5AD9493F4F8}.Debug|Any CPU.ActiveCfg = Debug|Any CPU
		{FA0D9CFA-4D7F-49DC-842A-C5AD9493F4F8}.Debug|Any CPU.Build.0 = Debug|Any CPU
		{FA0D9CFA-4D7F-49DC-842A-C5AD9493F4F8}.Release|Any CPU.ActiveCfg = Release|Any CPU
		{FA0D9CFA-4D7F-49DC-842A-C5AD9493F4F8}.Release|Any CPU.Build.0 = Release|Any CPU
		{9FDA9EEF-91FC-4E9B-85FF-780D1D356EED}.Debug|Any CPU.ActiveCfg = Debug|Any CPU
		{9FDA9EEF-91FC-4E9B-85FF-780D1D356EED}.Debug|Any CPU.Build.0 = Debug|Any CPU
		{9FDA9EEF-91FC-4E9B-85FF-780D1D356EED}.Release|Any CPU.ActiveCfg = Release|Any CPU
		{9FDA9EEF-91FC-4E9B-85FF-780D1D356EED}.Release|Any CPU.Build.0 = Release|Any CPU
		{0D62836A-AB03-4042-8404-8D17287E8EAE}.Debug|Any CPU.ActiveCfg = Debug|Any CPU
		{0D62836A-AB03-4042-8404-8D17287E8EAE}.Debug|Any CPU.Build.0 = Debug|Any CPU
		{0D62836A-AB03-4042-8404-8D17287E8EAE}.Release|Any CPU.ActiveCfg = Release|Any CPU
		{0D62836A-AB03-4042-8404-8D17287E8EAE}.Release|Any CPU.Build.0 = Release|Any CPU
		{E49371C2-5CA9-4B0D-9C4A-4074EDFD45F6}.Debug|Any CPU.ActiveCfg = Debug|Any CPU
		{E49371C2-5CA9-4B0D-9C4A-4074EDFD45F6}.Debug|Any CPU.Build.0 = Debug|Any CPU
		{E49371C2-5CA9-4B0D-9C4A-4074EDFD45F6}.Release|Any CPU.ActiveCfg = Release|Any CPU
		{E49371C2-5CA9-4B0D-9C4A-4074EDFD45F6}.Release|Any CPU.Build.0 = Release|Any CPU
	EndGlobalSection
	GlobalSection(SolutionProperties) = preSolution
		HideSolutionNode = FALSE
	EndGlobalSection
	GlobalSection(ExtensibilityGlobals) = postSolution
		SolutionGuid = {BEA4ADA5-2B0C-4786-9B75-E4285788CE66}
	EndGlobalSection
EndGlobal
