
Microsoft Visual Studio Solution File, Format Version 12.00
# Visual Studio Version 16
VisualStudioVersion = 16.0.30907.101
MinimumVisualStudioVersion = 10.0.40219.1
Project("{FAE04EC0-301F-11D3-BF4B-00C04F79EFBC}") = "ListBoxWinApp", "ListBoxWinApp\ListBoxWinApp.csproj", "{EC0EBF1E-61EF-4283-A45D-FE4BB46027E5}"
EndProject
Project("{FAE04EC0-301F-11D3-BF4B-00C04F79EFBC}") = "RestaurentSelApp", "RestaurentSelApp\RestaurentSelApp.csproj", "{CFD43A54-AB63-44E8-BB18-67B7797BDC9E}"
EndProject
Project("{FAE04EC0-301F-11D3-BF4B-00C04F79EFBC}") = "TravelWishApp", "TravelWishApp\TravelWishApp.csproj", "{3DF09B9B-ED0B-43C6-B75C-F8C97EB56CCD}"
EndProject
Project("{FAE04EC0-301F-11D3-BF4B-00C04F79EFBC}") = "ListViewApp", "ListViewApp\ListViewApp.csproj", "{38F2BC33-439F-42B7-87D5-6F7FE68EB395}"
EndProject
Project("{FAE04EC0-301F-11D3-BF4B-00C04F79EFBC}") = "StudyHistoryApp", "StudyHistoryApp\StudyHistoryApp.csproj", "{8FE6CC49-DCAC-4DC0-8F91-4C3A0F613E46}"
EndProject
Project("{FAE04EC0-301F-11D3-BF4B-00C04F79EFBC}") = "DigitalClockApp", "DigitalClockApp\DigitalClockApp.csproj", "{ECA5EA73-317F-4B7C-8628-54070DC21CB0}"
EndProject
Project("{FAE04EC0-301F-11D3-BF4B-00C04F79EFBC}") = "DateCalcApp", "DateCalcApp\DateCalcApp.csproj", "{849DB1BE-8970-4EA7-AE44-E60B9A68AC9E}"
EndProject
Project("{FAE04EC0-301F-11D3-BF4B-00C04F79EFBC}") = "DigitalAlarmClockApp", "DigitalAlarmClockApp\DigitalAlarmClockApp.csproj", "{64E201B9-DB0D-47AE-9724-9986B6138A8E}"
EndProject
Project("{FAE04EC0-301F-11D3-BF4B-00C04F79EFBC}") = "MoviePlayerApp", "MoviePlayerApp\MoviePlayerApp.csproj", "{DF50D941-8CE1-41B3-8B22-1B1F72844ED8}"
EndProject
Project("{FAE04EC0-301F-11D3-BF4B-00C04F79EFBC}") = "TextviewerApp", "TextviewerApp\TextviewerApp.csproj", "{FCCEAE91-B9CD-425F-9956-CBBFCEA328C9}"
EndProject
Project("{FAE04EC0-301F-11D3-BF4B-00C04F79EFBC}") = "SimpleGraphicApp", "SimpleGraphicApp\SimpleGraphicApp.csproj", "{849AE67D-24A5-4BF3-B42A-FD401601DD4B}"
EndProject
Project("{FAE04EC0-301F-11D3-BF4B-00C04F79EFBC}") = "HelloWpfApp", "HelloWpfApp\HelloWpfApp.csproj", "{859FFFBF-5DB5-4172-847A-92E68B914B1E}"
EndProject
Project("{FAE04EC0-301F-11D3-BF4B-00C04F79EFBC}") = "WpfLayoutApp", "WpfLayoutApp\WpfLayoutApp.csproj", "{D537157B-4A12-4406-AA00-7B027DA656EB}"
EndProject
Project("{FAE04EC0-301F-11D3-BF4B-00C04F79EFBC}") = "BmicalcApp", "BmicalcApp\BmicalcApp.csproj", "{8FD1CA94-DA50-4848-A3B2-37AA1E5BE05F}"
EndProject
Project("{FAE04EC0-301F-11D3-BF4B-00C04F79EFBC}") = "BlinkerApp", "BlinkerApp\BlinkerApp.csproj", "{BA21C444-928C-4035-B454-4B040445C074}"
EndProject
Global
	GlobalSection(SolutionConfigurationPlatforms) = preSolution
		Debug|Any CPU = Debug|Any CPU
		Release|Any CPU = Release|Any CPU
	EndGlobalSection
	GlobalSection(ProjectConfigurationPlatforms) = postSolution
		{EC0EBF1E-61EF-4283-A45D-FE4BB46027E5}.Debug|Any CPU.ActiveCfg = Debug|Any CPU
		{EC0EBF1E-61EF-4283-A45D-FE4BB46027E5}.Debug|Any CPU.Build.0 = Debug|Any CPU
		{EC0EBF1E-61EF-4283-A45D-FE4BB46027E5}.Release|Any CPU.ActiveCfg = Release|Any CPU
		{EC0EBF1E-61EF-4283-A45D-FE4BB46027E5}.Release|Any CPU.Build.0 = Release|Any CPU
		{CFD43A54-AB63-44E8-BB18-67B7797BDC9E}.Debug|Any CPU.ActiveCfg = Debug|Any CPU
		{CFD43A54-AB63-44E8-BB18-67B7797BDC9E}.Debug|Any CPU.Build.0 = Debug|Any CPU
		{CFD43A54-AB63-44E8-BB18-67B7797BDC9E}.Release|Any CPU.ActiveCfg = Release|Any CPU
		{CFD43A54-AB63-44E8-BB18-67B7797BDC9E}.Release|Any CPU.Build.0 = Release|Any CPU
		{3DF09B9B-ED0B-43C6-B75C-F8C97EB56CCD}.Debug|Any CPU.ActiveCfg = Debug|Any CPU
		{3DF09B9B-ED0B-43C6-B75C-F8C97EB56CCD}.Debug|Any CPU.Build.0 = Debug|Any CPU
		{3DF09B9B-ED0B-43C6-B75C-F8C97EB56CCD}.Release|Any CPU.ActiveCfg = Release|Any CPU
		{3DF09B9B-ED0B-43C6-B75C-F8C97EB56CCD}.Release|Any CPU.Build.0 = Release|Any CPU
		{38F2BC33-439F-42B7-87D5-6F7FE68EB395}.Debug|Any CPU.ActiveCfg = Debug|Any CPU
		{38F2BC33-439F-42B7-87D5-6F7FE68EB395}.Debug|Any CPU.Build.0 = Debug|Any CPU
		{38F2BC33-439F-42B7-87D5-6F7FE68EB395}.Release|Any CPU.ActiveCfg = Release|Any CPU
		{38F2BC33-439F-42B7-87D5-6F7FE68EB395}.Release|Any CPU.Build.0 = Release|Any CPU
		{8FE6CC49-DCAC-4DC0-8F91-4C3A0F613E46}.Debug|Any CPU.ActiveCfg = Debug|Any CPU
		{8FE6CC49-DCAC-4DC0-8F91-4C3A0F613E46}.Debug|Any CPU.Build.0 = Debug|Any CPU
		{8FE6CC49-DCAC-4DC0-8F91-4C3A0F613E46}.Release|Any CPU.ActiveCfg = Release|Any CPU
		{8FE6CC49-DCAC-4DC0-8F91-4C3A0F613E46}.Release|Any CPU.Build.0 = Release|Any CPU
		{ECA5EA73-317F-4B7C-8628-54070DC21CB0}.Debug|Any CPU.ActiveCfg = Debug|Any CPU
		{ECA5EA73-317F-4B7C-8628-54070DC21CB0}.Debug|Any CPU.Build.0 = Debug|Any CPU
		{ECA5EA73-317F-4B7C-8628-54070DC21CB0}.Release|Any CPU.ActiveCfg = Release|Any CPU
		{ECA5EA73-317F-4B7C-8628-54070DC21CB0}.Release|Any CPU.Build.0 = Release|Any CPU
		{849DB1BE-8970-4EA7-AE44-E60B9A68AC9E}.Debug|Any CPU.ActiveCfg = Debug|Any CPU
		{849DB1BE-8970-4EA7-AE44-E60B9A68AC9E}.Debug|Any CPU.Build.0 = Debug|Any CPU
		{849DB1BE-8970-4EA7-AE44-E60B9A68AC9E}.Release|Any CPU.ActiveCfg = Release|Any CPU
		{849DB1BE-8970-4EA7-AE44-E60B9A68AC9E}.Release|Any CPU.Build.0 = Release|Any CPU
		{64E201B9-DB0D-47AE-9724-9986B6138A8E}.Debug|Any CPU.ActiveCfg = Debug|Any CPU
		{64E201B9-DB0D-47AE-9724-9986B6138A8E}.Debug|Any CPU.Build.0 = Debug|Any CPU
		{64E201B9-DB0D-47AE-9724-9986B6138A8E}.Release|Any CPU.ActiveCfg = Release|Any CPU
		{64E201B9-DB0D-47AE-9724-9986B6138A8E}.Release|Any CPU.Build.0 = Release|Any CPU
		{DF50D941-8CE1-41B3-8B22-1B1F72844ED8}.Debug|Any CPU.ActiveCfg = Debug|Any CPU
		{DF50D941-8CE1-41B3-8B22-1B1F72844ED8}.Debug|Any CPU.Build.0 = Debug|Any CPU
		{DF50D941-8CE1-41B3-8B22-1B1F72844ED8}.Release|Any CPU.ActiveCfg = Release|Any CPU
		{DF50D941-8CE1-41B3-8B22-1B1F72844ED8}.Release|Any CPU.Build.0 = Release|Any CPU
		{FCCEAE91-B9CD-425F-9956-CBBFCEA328C9}.Debug|Any CPU.ActiveCfg = Debug|Any CPU
		{FCCEAE91-B9CD-425F-9956-CBBFCEA328C9}.Debug|Any CPU.Build.0 = Debug|Any CPU
		{FCCEAE91-B9CD-425F-9956-CBBFCEA328C9}.Release|Any CPU.ActiveCfg = Release|Any CPU
		{FCCEAE91-B9CD-425F-9956-CBBFCEA328C9}.Release|Any CPU.Build.0 = Release|Any CPU
		{849AE67D-24A5-4BF3-B42A-FD401601DD4B}.Debug|Any CPU.ActiveCfg = Debug|Any CPU
		{849AE67D-24A5-4BF3-B42A-FD401601DD4B}.Debug|Any CPU.Build.0 = Debug|Any CPU
		{849AE67D-24A5-4BF3-B42A-FD401601DD4B}.Release|Any CPU.ActiveCfg = Release|Any CPU
		{849AE67D-24A5-4BF3-B42A-FD401601DD4B}.Release|Any CPU.Build.0 = Release|Any CPU
		{859FFFBF-5DB5-4172-847A-92E68B914B1E}.Debug|Any CPU.ActiveCfg = Debug|Any CPU
		{859FFFBF-5DB5-4172-847A-92E68B914B1E}.Debug|Any CPU.Build.0 = Debug|Any CPU
		{859FFFBF-5DB5-4172-847A-92E68B914B1E}.Release|Any CPU.ActiveCfg = Release|Any CPU
		{859FFFBF-5DB5-4172-847A-92E68B914B1E}.Release|Any CPU.Build.0 = Release|Any CPU
		{D537157B-4A12-4406-AA00-7B027DA656EB}.Debug|Any CPU.ActiveCfg = Debug|Any CPU
		{D537157B-4A12-4406-AA00-7B027DA656EB}.Debug|Any CPU.Build.0 = Debug|Any CPU
		{D537157B-4A12-4406-AA00-7B027DA656EB}.Release|Any CPU.ActiveCfg = Release|Any CPU
		{D537157B-4A12-4406-AA00-7B027DA656EB}.Release|Any CPU.Build.0 = Release|Any CPU
		{8FD1CA94-DA50-4848-A3B2-37AA1E5BE05F}.Debug|Any CPU.ActiveCfg = Debug|Any CPU
		{8FD1CA94-DA50-4848-A3B2-37AA1E5BE05F}.Debug|Any CPU.Build.0 = Debug|Any CPU
		{8FD1CA94-DA50-4848-A3B2-37AA1E5BE05F}.Release|Any CPU.ActiveCfg = Release|Any CPU
		{8FD1CA94-DA50-4848-A3B2-37AA1E5BE05F}.Release|Any CPU.Build.0 = Release|Any CPU
		{BA21C444-928C-4035-B454-4B040445C074}.Debug|Any CPU.ActiveCfg = Debug|Any CPU
		{BA21C444-928C-4035-B454-4B040445C074}.Debug|Any CPU.Build.0 = Debug|Any CPU
		{BA21C444-928C-4035-B454-4B040445C074}.Release|Any CPU.ActiveCfg = Release|Any CPU
		{BA21C444-928C-4035-B454-4B040445C074}.Release|Any CPU.Build.0 = Release|Any CPU
	EndGlobalSection
	GlobalSection(SolutionProperties) = preSolution
		HideSolutionNode = FALSE
	EndGlobalSection
	GlobalSection(ExtensibilityGlobals) = postSolution
		SolutionGuid = {821CDF91-EBF7-4032-96BC-EF23104D0F53}
	EndGlobalSection
EndGlobal
