
Microsoft Visual Studio Solution File, Format Version 12.00
# Visual Studio Version 16
VisualStudioVersion = 16.0.30907.101
MinimumVisualStudioVersion = 10.0.40219.1
Project("{FAE04EC0-301F-11D3-BF4B-00C04F79EFBC}") = "ListBoxWinApp", "ListBoxWinApp\ListBoxWinApp.csproj", "{EC0EBF1E-61EF-4283-A45D-FE4BB46027E5}"
EndProject
Project("{FAE04EC0-301F-11D3-BF4B-00C04F79EFBC}") = "RestaurentSelApp", "RestaurentSelApp\RestaurentSelApp.csproj", "{CFD43A54-AB63-44E8-BB18-67B7797BDC9E}"
EndProject
Project("{FAE04EC0-301F-11D3-BF4B-00C04F79EFBC}") = "TravelWishApp", "TravelWishApp\TravelWishApp.csproj", "{3DF09B9B-ED0B-43C6-B75C-F8C97EB56CCD}"
EndProject
Global
	GlobalSection(SolutionConfigurationPlatforms) = preSolution
		Debug|Any CPU = Debug|Any CPU
		Release|Any CPU = Release|Any CPU
	EndGlobalSection
	GlobalSection(ProjectConfigurationPlatforms) = postSolution
		{EC0EBF1E-61EF-4283-A45D-FE4BB46027E5}.Debug|Any CPU.ActiveCfg = Debug|Any CPU
		{EC0EBF1E-61EF-4283-A45D-FE4BB46027E5}.Debug|Any CPU.Build.0 = Debug|Any CPU
		{EC0EBF1E-61EF-4283-A45D-FE4BB46027E5}.Release|Any CPU.ActiveCfg = Release|Any CPU
		{EC0EBF1E-61EF-4283-A45D-FE4BB46027E5}.Release|Any CPU.Build.0 = Release|Any CPU
		{CFD43A54-AB63-44E8-BB18-67B7797BDC9E}.Debug|Any CPU.ActiveCfg = Debug|Any CPU
		{CFD43A54-AB63-44E8-BB18-67B7797BDC9E}.Debug|Any CPU.Build.0 = Debug|Any CPU
		{CFD43A54-AB63-44E8-BB18-67B7797BDC9E}.Release|Any CPU.ActiveCfg = Release|Any CPU
		{CFD43A54-AB63-44E8-BB18-67B7797BDC9E}.Release|Any CPU.Build.0 = Release|Any CPU
		{3DF09B9B-ED0B-43C6-B75C-F8C97EB56CCD}.Debug|Any CPU.ActiveCfg = Debug|Any CPU
		{3DF09B9B-ED0B-43C6-B75C-F8C97EB56CCD}.Debug|Any CPU.Build.0 = Debug|Any CPU
		{3DF09B9B-ED0B-43C6-B75C-F8C97EB56CCD}.Release|Any CPU.ActiveCfg = Release|Any CPU
		{3DF09B9B-ED0B-43C6-B75C-F8C97EB56CCD}.Release|Any CPU.Build.0 = Release|Any CPU
	EndGlobalSection
	GlobalSection(SolutionProperties) = preSolution
		HideSolutionNode = FALSE
	EndGlobalSection
	GlobalSection(ExtensibilityGlobals) = postSolution
		SolutionGuid = {821CDF91-EBF7-4032-96BC-EF23104D0F53}
	EndGlobalSection
EndGlobal
